
Microsoft Visual Studio Solution File, Format Version 12.00
# Visual Studio Version 17
VisualStudioVersion = 17.9.34728.123
MinimumVisualStudioVersion = 10.0.40219.1
Project("{9A19103F-16F7-4668-BE54-9A1E7A4F7556}") = "TestElevation", "TestElevation\TestElevation.csproj", "{DBCBD288-2DA8-42EF-8AED-115CAEC9CCBC}"
EndProject
Project("{9A19103F-16F7-4668-BE54-9A1E7A4F7556}") = "TestElevation.Core", "TestElevation.Core\TestElevation.Core.csproj", "{4EA0B570-79CB-4DC2-AEE7-6070AEFC9A0A}"
EndProject
Global
	GlobalSection(SolutionConfigurationPlatforms) = preSolution
		Debug|x64 = Debug|x64
		Release|x64 = Release|x64
	EndGlobalSection
	GlobalSection(ProjectConfigurationPlatforms) = postSolution
		{DBCBD288-2DA8-42EF-8AED-115CAEC9CCBC}.Debug|x64.ActiveCfg = Debug|x64
		{DBCBD288-2DA8-42EF-8AED-115CAEC9CCBC}.Debug|x64.Build.0 = Debug|x64
		{DBCBD288-2DA8-42EF-8AED-115CAEC9CCBC}.Debug|x64.Deploy.0 = Debug|x64
		{DBCBD288-2DA8-42EF-8AED-115CAEC9CCBC}.Release|x64.ActiveCfg = Release|x64
		{DBCBD288-2DA8-42EF-8AED-115CAEC9CCBC}.Release|x64.Build.0 = Release|x64
		{DBCBD288-2DA8-42EF-8AED-115CAEC9CCBC}.Release|x64.Deploy.0 = Release|x64
		{4EA0B570-79CB-4DC2-AEE7-6070AEFC9A0A}.Debug|x64.ActiveCfg = Debug|x64
		{4EA0B570-79CB-4DC2-AEE7-6070AEFC9A0A}.Debug|x64.Build.0 = Debug|x64
		{4EA0B570-79CB-4DC2-AEE7-6070AEFC9A0A}.Release|x64.ActiveCfg = Release|x64
		{4EA0B570-79CB-4DC2-AEE7-6070AEFC9A0A}.Release|x64.Build.0 = Release|x64
	EndGlobalSection
	GlobalSection(SolutionProperties) = preSolution
		HideSolutionNode = FALSE
	EndGlobalSection
	GlobalSection(ExtensibilityGlobals) = postSolution
		SolutionGuid = {E81D2E87-74DC-42E3-8B0C-D6F438087DD3}
	EndGlobalSection
EndGlobal
